{
  "name": "classrooms",
  "version": "0.0.1",
  "lockfileVersion": 1,
  "requires": true,
  "dependencies": {
    "calendar": {
      "version": "0.1.0",
      "resolved": "https://registry.npmjs.org/calendar/-/calendar-0.1.0.tgz",
      "integrity": "sha1-fiBfxte1wk1/drLDVgW7nChjaA0="
    }
  }
}
